
Microsoft Visual Studio Solution File, Format Version 12.00
# Visual Studio Version 17
VisualStudioVersion = 17.5.33530.505
MinimumVisualStudioVersion = 10.0.40219.1
Project("{FAE04EC0-301F-11D3-BF4B-00C04F79EFBC}") = "FiorSearchService", "FiorSearchService.csproj", "{D95D7215-D5E2-4564-8A13-24BC8CC384AD}"
EndProject
Global
	GlobalSection(SolutionConfigurationPlatforms) = preSolution
		Debug|Any CPU = Debug|Any CPU
		Release|Any CPU = Release|Any CPU
	EndGlobalSection
	GlobalSection(ProjectConfigurationPlatforms) = postSolution
		{D95D7215-D5E2-4564-8A13-24BC8CC384AD}.Debug|Any CPU.ActiveCfg = Debug|Any CPU
		{D95D7215-D5E2-4564-8A13-24BC8CC384AD}.Debug|Any CPU.Build.0 = Debug|Any CPU
		{D95D7215-D5E2-4564-8A13-24BC8CC384AD}.Release|Any CPU.ActiveCfg = Release|Any CPU
		{D95D7215-D5E2-4564-8A13-24BC8CC384AD}.Release|Any CPU.Build.0 = Release|Any CPU
	EndGlobalSection
	GlobalSection(SolutionProperties) = preSolution
		HideSolutionNode = FALSE
	EndGlobalSection
	GlobalSection(ExtensibilityGlobals) = postSolution
		SolutionGuid = {17189C47-C4B5-477E-8B29-F8B348A0B34E}
	EndGlobalSection
EndGlobal
